
Microsoft Visual Studio Solution File, Format Version 12.00
# Visual Studio 15
VisualStudioVersion = 15.0.26124.0
MinimumVisualStudioVersion = 15.0.26124.0
Project("{FAE04EC0-301F-11D3-BF4B-00C04F79EFBC}") = "StdfSharpLib", "StdfSharpLib\StdfSharpLib.csproj", "{C1BC735D-2149-48D1-96DD-E18306B9938F}"
EndProject
Project("{FAE04EC0-301F-11D3-BF4B-00C04F79EFBC}") = "StdfExecTest", "StdfExecTest\StdfExecTest.csproj", "{FD9BAD63-773E-4FE0-8705-3377BD46020F}"
EndProject
Project("{FAE04EC0-301F-11D3-BF4B-00C04F79EFBC}") = "STDFSharpTests", "StdfSharpTests\StdfSharpTests.csproj", "{DA4C7E7C-B612-4CED-82D9-F309357436DF}"
EndProject
Global
	GlobalSection(SolutionConfigurationPlatforms) = preSolution
		Debug|Any CPU = Debug|Any CPU
		Debug|x64 = Debug|x64
		Debug|x86 = Debug|x86
		Release|Any CPU = Release|Any CPU
		Release|x64 = Release|x64
		Release|x86 = Release|x86
	EndGlobalSection
	GlobalSection(SolutionProperties) = preSolution
		HideSolutionNode = FALSE
	EndGlobalSection
	GlobalSection(ProjectConfigurationPlatforms) = postSolution
		{C1BC735D-2149-48D1-96DD-E18306B9938F}.Debug|Any CPU.ActiveCfg = Debug|Any CPU
		{C1BC735D-2149-48D1-96DD-E18306B9938F}.Debug|Any CPU.Build.0 = Debug|Any CPU
		{C1BC735D-2149-48D1-96DD-E18306B9938F}.Debug|x64.ActiveCfg = Debug|Any CPU
		{C1BC735D-2149-48D1-96DD-E18306B9938F}.Debug|x64.Build.0 = Debug|Any CPU
		{C1BC735D-2149-48D1-96DD-E18306B9938F}.Debug|x86.ActiveCfg = Debug|Any CPU
		{C1BC735D-2149-48D1-96DD-E18306B9938F}.Debug|x86.Build.0 = Debug|Any CPU
		{C1BC735D-2149-48D1-96DD-E18306B9938F}.Release|Any CPU.ActiveCfg = Release|Any CPU
		{C1BC735D-2149-48D1-96DD-E18306B9938F}.Release|Any CPU.Build.0 = Release|Any CPU
		{C1BC735D-2149-48D1-96DD-E18306B9938F}.Release|x64.ActiveCfg = Release|Any CPU
		{C1BC735D-2149-48D1-96DD-E18306B9938F}.Release|x64.Build.0 = Release|Any CPU
		{C1BC735D-2149-48D1-96DD-E18306B9938F}.Release|x86.ActiveCfg = Release|Any CPU
		{C1BC735D-2149-48D1-96DD-E18306B9938F}.Release|x86.Build.0 = Release|Any CPU
		{FD9BAD63-773E-4FE0-8705-3377BD46020F}.Debug|Any CPU.ActiveCfg = Debug|Any CPU
		{FD9BAD63-773E-4FE0-8705-3377BD46020F}.Debug|Any CPU.Build.0 = Debug|Any CPU
		{FD9BAD63-773E-4FE0-8705-3377BD46020F}.Debug|x64.ActiveCfg = Debug|Any CPU
		{FD9BAD63-773E-4FE0-8705-3377BD46020F}.Debug|x64.Build.0 = Debug|Any CPU
		{FD9BAD63-773E-4FE0-8705-3377BD46020F}.Debug|x86.ActiveCfg = Debug|Any CPU
		{FD9BAD63-773E-4FE0-8705-3377BD46020F}.Debug|x86.Build.0 = Debug|Any CPU
		{FD9BAD63-773E-4FE0-8705-3377BD46020F}.Release|Any CPU.ActiveCfg = Release|Any CPU
		{FD9BAD63-773E-4FE0-8705-3377BD46020F}.Release|Any CPU.Build.0 = Release|Any CPU
		{FD9BAD63-773E-4FE0-8705-3377BD46020F}.Release|x64.ActiveCfg = Release|Any CPU
		{FD9BAD63-773E-4FE0-8705-3377BD46020F}.Release|x64.Build.0 = Release|Any CPU
		{FD9BAD63-773E-4FE0-8705-3377BD46020F}.Release|x86.ActiveCfg = Release|Any CPU
		{FD9BAD63-773E-4FE0-8705-3377BD46020F}.Release|x86.Build.0 = Release|Any CPU
		{DA4C7E7C-B612-4CED-82D9-F309357436DF}.Debug|Any CPU.ActiveCfg = Debug|Any CPU
		{DA4C7E7C-B612-4CED-82D9-F309357436DF}.Debug|Any CPU.Build.0 = Debug|Any CPU
		{DA4C7E7C-B612-4CED-82D9-F309357436DF}.Debug|x64.ActiveCfg = Debug|Any CPU
		{DA4C7E7C-B612-4CED-82D9-F309357436DF}.Debug|x64.Build.0 = Debug|Any CPU
		{DA4C7E7C-B612-4CED-82D9-F309357436DF}.Debug|x86.ActiveCfg = Debug|Any CPU
		{DA4C7E7C-B612-4CED-82D9-F309357436DF}.Debug|x86.Build.0 = Debug|Any CPU
		{DA4C7E7C-B612-4CED-82D9-F309357436DF}.Release|Any CPU.ActiveCfg = Debug|Any CPU
		{DA4C7E7C-B612-4CED-82D9-F309357436DF}.Release|Any CPU.Build.0 = Debug|Any CPU
		{DA4C7E7C-B612-4CED-82D9-F309357436DF}.Release|x64.ActiveCfg = Debug|Any CPU
		{DA4C7E7C-B612-4CED-82D9-F309357436DF}.Release|x64.Build.0 = Debug|Any CPU
		{DA4C7E7C-B612-4CED-82D9-F309357436DF}.Release|x86.ActiveCfg = Debug|Any CPU
		{DA4C7E7C-B612-4CED-82D9-F309357436DF}.Release|x86.Build.0 = Debug|Any CPU
	EndGlobalSection
EndGlobal
